
Microsoft Visual Studio Solution File, Format Version 12.00
# Visual Studio 15
VisualStudioVersion = 15.0.28307.168
MinimumVisualStudioVersion = 10.0.40219.1
Project("{2150E333-8FDC-42A3-9474-1A3956D46DE8}") = "src", "src", "{FF25CDB3-5987-4C84-872F-67FE00DED4A4}"
EndProject
Project("{FAE04EC0-301F-11D3-BF4B-00C04F79EFBC}") = "Galaxy", "src\galaxy\Galaxy.csproj", "{80522A6E-56D4-4D9E-B083-45B268EBE2E8}"
EndProject
Project("{00D1A9C2-B5F0-4AF3-8072-F6C62B433612}") = "EDDB", "src\EDDB\EDDB.sqlproj", "{90A512FF-E153-401C-BE28-D860930B9A05}"
EndProject
Global
	GlobalSection(SolutionConfigurationPlatforms) = preSolution
		Debug|Any CPU = Debug|Any CPU
		Release|Any CPU = Release|Any CPU
	EndGlobalSection
	GlobalSection(ProjectConfigurationPlatforms) = postSolution
		{80522A6E-56D4-4D9E-B083-45B268EBE2E8}.Debug|Any CPU.ActiveCfg = Debug|Any CPU
		{80522A6E-56D4-4D9E-B083-45B268EBE2E8}.Debug|Any CPU.Build.0 = Debug|Any CPU
		{80522A6E-56D4-4D9E-B083-45B268EBE2E8}.Release|Any CPU.ActiveCfg = Release|Any CPU
		{80522A6E-56D4-4D9E-B083-45B268EBE2E8}.Release|Any CPU.Build.0 = Release|Any CPU
		{90A512FF-E153-401C-BE28-D860930B9A05}.Debug|Any CPU.ActiveCfg = Debug|Any CPU
		{90A512FF-E153-401C-BE28-D860930B9A05}.Debug|Any CPU.Build.0 = Debug|Any CPU
		{90A512FF-E153-401C-BE28-D860930B9A05}.Debug|Any CPU.Deploy.0 = Debug|Any CPU
		{90A512FF-E153-401C-BE28-D860930B9A05}.Release|Any CPU.ActiveCfg = Release|Any CPU
		{90A512FF-E153-401C-BE28-D860930B9A05}.Release|Any CPU.Build.0 = Release|Any CPU
		{90A512FF-E153-401C-BE28-D860930B9A05}.Release|Any CPU.Deploy.0 = Release|Any CPU
	EndGlobalSection
	GlobalSection(SolutionProperties) = preSolution
		HideSolutionNode = FALSE
	EndGlobalSection
	GlobalSection(NestedProjects) = preSolution
		{80522A6E-56D4-4D9E-B083-45B268EBE2E8} = {FF25CDB3-5987-4C84-872F-67FE00DED4A4}
		{90A512FF-E153-401C-BE28-D860930B9A05} = {FF25CDB3-5987-4C84-872F-67FE00DED4A4}
	EndGlobalSection
	GlobalSection(ExtensibilityGlobals) = postSolution
		SolutionGuid = {BA4CCF24-3257-4BFA-B703-5FC38DE44476}
	EndGlobalSection
EndGlobal
